// !$*UTF8*$!
{
	archiveVersion = 1;
	classes = {
	};
	objectVersion = 50;
	objects = {

/* Begin PBXBuildFile section */
		550889D120BE9FD000241F10 /* AppDelegate.swift in Sources */ = {isa = PBXBuildFile; fileRef = 550889D020BE9FD000241F10 /* AppDelegate.swift */; };
		550889D320BE9FD000241F10 /* TopPageViewController.swift in Sources */ = {isa = PBXBuildFile; fileRef = 550889D220BE9FD000241F10 /* TopPageViewController.swift */; };
		550889D620BE9FD000241F10 /* Main.storyboard in Resources */ = {isa = PBXBuildFile; fileRef = 550889D420BE9FD000241F10 /* Main.storyboard */; };
		550889D820BE9FD200241F10 /* Assets.xcassets in Resources */ = {isa = PBXBuildFile; fileRef = 550889D720BE9FD200241F10 /* Assets.xcassets */; };
		550889DB20BE9FD200241F10 /* LaunchScreen.storyboard in Resources */ = {isa = PBXBuildFile; fileRef = 550889D920BE9FD200241F10 /* LaunchScreen.storyboard */; };
		5511E5C420C2E1C100902854 /* Question1ViewController.swift in Sources */ = {isa = PBXBuildFile; fileRef = 5511E5C320C2E1C100902854 /* Question1ViewController.swift */; };
		5519FC6C20CA89B300E28D8F /* SwiftyOnboard.swift in Sources */ = {isa = PBXBuildFile; fileRef = 5519FC6920CA89B300E28D8F /* SwiftyOnboard.swift */; };
		5519FC6D20CA89B300E28D8F /* SwiftyOnboardOverlay.swift in Sources */ = {isa = PBXBuildFile; fileRef = 5519FC6A20CA89B300E28D8F /* SwiftyOnboardOverlay.swift */; };
		5519FC6E20CA89B300E28D8F /* SwiftyOnboardPage.swift in Sources */ = {isa = PBXBuildFile; fileRef = 5519FC6B20CA89B300E28D8F /* SwiftyOnboardPage.swift */; };
		551B6CE620EB58790019DE1C /* IQKeyboardManagerSwift.framework in Frameworks */ = {isa = PBXBuildFile; fileRef = 551B6CE520EB58790019DE1C /* IQKeyboardManagerSwift.framework */; };
		55202F4C20CC12D3009DEB85 /* Question3ViewController.swift in Sources */ = {isa = PBXBuildFile; fileRef = 55202F4B20CC12D3009DEB85 /* Question3ViewController.swift */; };
		55329C0D20FB7F6000F1F96B /* RangeQ1ViewController.swift in Sources */ = {isa = PBXBuildFile; fileRef = 55329C0C20FB7F6000F1F96B /* RangeQ1ViewController.swift */; };
		5535646120C0193B00090CA6 /* Hannari.otf in Resources */ = {isa = PBXBuildFile; fileRef = 5535646020C0193B00090CA6 /* Hannari.otf */; };
		5535646220C033E700090CA6 /* Hannari.otf in Sources */ = {isa = PBXBuildFile; fileRef = 5535646020C0193B00090CA6 /* Hannari.otf */; };
		5536FF6E20C754FB0003A639 /* Question2ViewController.swift in Sources */ = {isa = PBXBuildFile; fileRef = 5536FF6D20C754FB0003A639 /* Question2ViewController.swift */; };
		55372A9120E1224400AA19DF /* DetailSaveDateViewController.swift in Sources */ = {isa = PBXBuildFile; fileRef = 55372A9020E1224400AA19DF /* DetailSaveDateViewController.swift */; };
		5537DB6220C910210045BD41 /* questionList.plist in Resources */ = {isa = PBXBuildFile; fileRef = 5537DB6120C910210045BD41 /* questionList.plist */; };
		559E095120DA61AC00451B4C /* SwiftyOnboardViewController.swift in Sources */ = {isa = PBXBuildFile; fileRef = 559E095020DA61AC00451B4C /* SwiftyOnboardViewController.swift */; };
		559E095720DA7B5A00451B4C /* result.xcdatamodeld in Sources */ = {isa = PBXBuildFile; fileRef = 559E095520DA7B5A00451B4C /* result.xcdatamodeld */; };
		55B9560520DE0DCE00DE787E /* Results+CoreDataProperties copy.swift in Sources */ = {isa = PBXBuildFile; fileRef = 55B9560320DE0DCD00DE787E /* Results+CoreDataProperties copy.swift */; };
		55B9560620DE0DCE00DE787E /* Results+CoreDataClass copy.swift in Sources */ = {isa = PBXBuildFile; fileRef = 55B9560420DE0DCE00DE787E /* Results+CoreDataClass copy.swift */; };
		55D1D5DA20BF6FFE00AA3B74 /* Kokolog.app in Sources */ = {isa = PBXBuildFile; fileRef = 550889CD20BE9FD000241F10 /* Kokolog.app */; };
		55D9A34B20BF6A8B003087A6 /* myExtension.swift in Sources */ = {isa = PBXBuildFile; fileRef = 55D9A34A20BF6A8B003087A6 /* myExtension.swift */; };
		55DB8ED320D1117700A2CB64 /* Question4ViewController.swift in Sources */ = {isa = PBXBuildFile; fileRef = 55DB8ED220D1117700A2CB64 /* Question4ViewController.swift */; };
		55DB8ED520D2562800A2CB64 /* Question5ViewController.swift in Sources */ = {isa = PBXBuildFile; fileRef = 55DB8ED420D2562800A2CB64 /* Question5ViewController.swift */; };
		55DB8ED720D2A7DE00A2CB64 /* ResultViewController.swift in Sources */ = {isa = PBXBuildFile; fileRef = 55DB8ED620D2A7DE00A2CB64 /* ResultViewController.swift */; };
		55E639B920FF38CD00D88C26 /* userSettingTopViewController.swift in Sources */ = {isa = PBXBuildFile; fileRef = 55E639B820FF38CD00D88C26 /* userSettingTopViewController.swift */; };
		55E79BBA20DF1C5F0094E5BE /* logSaveDateViewController.swift in Sources */ = {isa = PBXBuildFile; fileRef = 55E79BB920DF1C5F0094E5BE /* logSaveDateViewController.swift */; };
		6855382211459D37C46B83E0 /* Pods_Kokolog.framework in Frameworks */ = {isa = PBXBuildFile; fileRef = AA0DC3C61B04E912DFC28811 /* Pods_Kokolog.framework */; };
		B01ACA90216A51FB009186CB /* SwiftyOnboard.framework in Frameworks */ = {isa = PBXBuildFile; fileRef = B01ACA8F216A51FB009186CB /* SwiftyOnboard.framework */; };
		B08A1C6D2137626B003E8C5E /* Notification2ViewController.swift in Sources */ = {isa = PBXBuildFile; fileRef = B08A1C6C2137626B003E8C5E /* Notification2ViewController.swift */; };
/* End PBXBuildFile section */

/* Begin PBXFileReference section */
		417CEE6BAFF894D0F4F5F98B /* Pods_Myapp.framework */ = {isa = PBXFileReference; explicitFileType = wrapper.framework; includeInIndex = 0; path = Pods_Myapp.framework; sourceTree = BUILT_PRODUCTS_DIR; };
		550889CD20BE9FD000241F10 /* Kokolog.app */ = {isa = PBXFileReference; explicitFileType = wrapper.application; includeInIndex = 0; path = Kokolog.app; sourceTree = BUILT_PRODUCTS_DIR; };
		550889D020BE9FD000241F10 /* AppDelegate.swift */ = {isa = PBXFileReference; lastKnownFileType = sourcecode.swift; path = AppDelegate.swift; sourceTree = "<group>"; };
		550889D220BE9FD000241F10 /* TopPageViewController.swift */ = {isa = PBXFileReference; lastKnownFileType = sourcecode.swift; path = TopPageViewController.swift; sourceTree = "<group>"; };
		550889D520BE9FD000241F10 /* Base */ = {isa = PBXFileReference; lastKnownFileType = file.storyboard; name = Base; path = Base.lproj/Main.storyboard; sourceTree = "<group>"; };
		550889D720BE9FD200241F10 /* Assets.xcassets */ = {isa = PBXFileReference; lastKnownFileType = folder.assetcatalog; path = Assets.xcassets; sourceTree = "<group>"; };
		550889DA20BE9FD200241F10 /* Base */ = {isa = PBXFileReference; lastKnownFileType = file.storyboard; name = Base; path = Base.lproj/LaunchScreen.storyboard; sourceTree = "<group>"; };
		550889DC20BE9FD200241F10 /* Info.plist */ = {isa = PBXFileReference; lastKnownFileType = text.plist.xml; path = Info.plist; sourceTree = "<group>"; };
		5511E5C320C2E1C100902854 /* Question1ViewController.swift */ = {isa = PBXFileReference; lastKnownFileType = sourcecode.swift; path = Question1ViewController.swift; sourceTree = "<group>"; };
		5519FC6920CA89B300E28D8F /* SwiftyOnboard.swift */ = {isa = PBXFileReference; fileEncoding = 4; lastKnownFileType = sourcecode.swift; path = SwiftyOnboard.swift; sourceTree = "<group>"; };
		5519FC6A20CA89B300E28D8F /* SwiftyOnboardOverlay.swift */ = {isa = PBXFileReference; fileEncoding = 4; lastKnownFileType = sourcecode.swift; path = SwiftyOnboardOverlay.swift; sourceTree = "<group>"; };
		5519FC6B20CA89B300E28D8F /* SwiftyOnboardPage.swift */ = {isa = PBXFileReference; fileEncoding = 4; lastKnownFileType = sourcecode.swift; path = SwiftyOnboardPage.swift; sourceTree = "<group>"; };
		551B6CE520EB58790019DE1C /* IQKeyboardManagerSwift.framework */ = {isa = PBXFileReference; explicitFileType = wrapper.framework; path = IQKeyboardManagerSwift.framework; sourceTree = BUILT_PRODUCTS_DIR; };
		55202F4B20CC12D3009DEB85 /* Question3ViewController.swift */ = {isa = PBXFileReference; lastKnownFileType = sourcecode.swift; path = Question3ViewController.swift; sourceTree = "<group>"; };
		55329C0C20FB7F6000F1F96B /* RangeQ1ViewController.swift */ = {isa = PBXFileReference; lastKnownFileType = sourcecode.swift; path = RangeQ1ViewController.swift; sourceTree = "<group>"; };
		5535646020C0193B00090CA6 /* Hannari.otf */ = {isa = PBXFileReference; lastKnownFileType = file; path = Hannari.otf; sourceTree = "<group>"; };
		5536FF6D20C754FB0003A639 /* Question2ViewController.swift */ = {isa = PBXFileReference; lastKnownFileType = sourcecode.swift; path = Question2ViewController.swift; sourceTree = "<group>"; };
		55372A9020E1224400AA19DF /* DetailSaveDateViewController.swift */ = {isa = PBXFileReference; lastKnownFileType = sourcecode.swift; path = DetailSaveDateViewController.swift; sourceTree = "<group>"; };
		5537DB6120C910210045BD41 /* questionList.plist */ = {isa = PBXFileReference; lastKnownFileType = text.plist.xml; path = questionList.plist; sourceTree = "<group>"; };
		559E095020DA61AC00451B4C /* SwiftyOnboardViewController.swift */ = {isa = PBXFileReference; lastKnownFileType = sourcecode.swift; path = SwiftyOnboardViewController.swift; sourceTree = "<group>"; };
		559E095620DA7B5A00451B4C /* result.xcdatamodel */ = {isa = PBXFileReference; lastKnownFileType = wrapper.xcdatamodel; path = result.xcdatamodel; sourceTree = "<group>"; };
		55B9560320DE0DCD00DE787E /* Results+CoreDataProperties copy.swift */ = {isa = PBXFileReference; fileEncoding = 4; lastKnownFileType = sourcecode.swift; path = "Results+CoreDataProperties copy.swift"; sourceTree = "<group>"; };
		55B9560420DE0DCE00DE787E /* Results+CoreDataClass copy.swift */ = {isa = PBXFileReference; fileEncoding = 4; lastKnownFileType = sourcecode.swift; path = "Results+CoreDataClass copy.swift"; sourceTree = "<group>"; };
		55D9A34A20BF6A8B003087A6 /* myExtension.swift */ = {isa = PBXFileReference; fileEncoding = 4; lastKnownFileType = sourcecode.swift; path = myExtension.swift; sourceTree = "<group>"; };
		55DB8ED220D1117700A2CB64 /* Question4ViewController.swift */ = {isa = PBXFileReference; lastKnownFileType = sourcecode.swift; path = Question4ViewController.swift; sourceTree = "<group>"; };
		55DB8ED420D2562800A2CB64 /* Question5ViewController.swift */ = {isa = PBXFileReference; lastKnownFileType = sourcecode.swift; path = Question5ViewController.swift; sourceTree = "<group>"; };
		55DB8ED620D2A7DE00A2CB64 /* ResultViewController.swift */ = {isa = PBXFileReference; lastKnownFileType = sourcecode.swift; path = ResultViewController.swift; sourceTree = "<group>"; };
		55E639B820FF38CD00D88C26 /* userSettingTopViewController.swift */ = {isa = PBXFileReference; lastKnownFileType = sourcecode.swift; path = userSettingTopViewController.swift; sourceTree = "<group>"; };
		55E79BB920DF1C5F0094E5BE /* logSaveDateViewController.swift */ = {isa = PBXFileReference; lastKnownFileType = sourcecode.swift; path = logSaveDateViewController.swift; sourceTree = "<group>"; };
		59CCE14A340099305BD84A8D /* Pods-Kokolog.debug.xcconfig */ = {isa = PBXFileReference; includeInIndex = 1; lastKnownFileType = text.xcconfig; name = "Pods-Kokolog.debug.xcconfig"; path = "Pods/Target Support Files/Pods-Kokolog/Pods-Kokolog.debug.xcconfig"; sourceTree = "<group>"; };
		AA0DC3C61B04E912DFC28811 /* Pods_Kokolog.framework */ = {isa = PBXFileReference; explicitFileType = wrapper.framework; includeInIndex = 0; path = Pods_Kokolog.framework; sourceTree = BUILT_PRODUCTS_DIR; };
		B01ACA8F216A51FB009186CB /* SwiftyOnboard.framework */ = {isa = PBXFileReference; explicitFileType = wrapper.framework; path = SwiftyOnboard.framework; sourceTree = BUILT_PRODUCTS_DIR; };
		B08A1C6C2137626B003E8C5E /* Notification2ViewController.swift */ = {isa = PBXFileReference; lastKnownFileType = sourcecode.swift; path = Notification2ViewController.swift; sourceTree = "<group>"; };
		CA3CC04155B92A3BD5C9DF0A /* Pods-Kokolog.release.xcconfig */ = {isa = PBXFileReference; includeInIndex = 1; lastKnownFileType = text.xcconfig; name = "Pods-Kokolog.release.xcconfig"; path = "Pods/Target Support Files/Pods-Kokolog/Pods-Kokolog.release.xcconfig"; sourceTree = "<group>"; };
/* End PBXFileReference section */

/* Begin PBXFrameworksBuildPhase section */
		550889CA20BE9FD000241F10 /* Frameworks */ = {
			isa = PBXFrameworksBuildPhase;
			buildActionMask = 2147483647;
			files = (
				B01ACA90216A51FB009186CB /* SwiftyOnboard.framework in Frameworks */,
				551B6CE620EB58790019DE1C /* IQKeyboardManagerSwift.framework in Frameworks */,
				6855382211459D37C46B83E0 /* Pods_Kokolog.framework in Frameworks */,
			);
			runOnlyForDeploymentPostprocessing = 0;
		};
/* End PBXFrameworksBuildPhase section */

/* Begin PBXGroup section */
		550889C420BE9FCF00241F10 = {
			isa = PBXGroup;
			children = (
				55B9560320DE0DCD00DE787E /* Results+CoreDataProperties copy.swift */,
				55B9560420DE0DCE00DE787E /* Results+CoreDataClass copy.swift */,
				550889CF20BE9FD000241F10 /* Myapp */,
				550889CE20BE9FD000241F10 /* Products */,
				F394A937995A227CC6865178 /* Pods */,
				A15ED130E192D07A74001C36 /* Frameworks */,
			);
			sourceTree = "<group>";
		};
		550889CE20BE9FD000241F10 /* Products */ = {
			isa = PBXGroup;
			children = (
				550889CD20BE9FD000241F10 /* Kokolog.app */,
			);
			name = Products;
			sourceTree = "<group>";
		};
		550889CF20BE9FD000241F10 /* Myapp */ = {
			isa = PBXGroup;
			children = (
				550889D020BE9FD000241F10 /* AppDelegate.swift */,
				550889DC20BE9FD200241F10 /* Info.plist */,
				55372A9420E1227F00AA19DF /* Storyboard */,
				55E639BA20FF38EB00D88C26 /* userSetting */,
				55372A9520E122C100AA19DF /* TopPage */,
				55372A9320E1226B00AA19DF /* Extention */,
				559E095220DA6B0400451B4C /* Question */,
				55372A9220E1225400AA19DF /* ResultSaveDate */,
				559E095320DA6B3300451B4C /* SwiftyOnboard */,
				55372A9620E122E200AA19DF /* QuestionList */,
				55372A9720E1230200AA19DF /* Media */,
				55372A9820E1231500AA19DF /* CoreDate */,
				559E095420DA6B4D00451B4C /* font */,
			);
			path = Myapp;
			sourceTree = "<group>";
		};
		55372A9220E1225400AA19DF /* ResultSaveDate */ = {
			isa = PBXGroup;
			children = (
				55DB8ED620D2A7DE00A2CB64 /* ResultViewController.swift */,
				55E79BB920DF1C5F0094E5BE /* logSaveDateViewController.swift */,
				55372A9020E1224400AA19DF /* DetailSaveDateViewController.swift */,
			);
			path = ResultSaveDate;
			sourceTree = "<group>";
		};
		55372A9320E1226B00AA19DF /* Extention */ = {
			isa = PBXGroup;
			children = (
				55D9A34A20BF6A8B003087A6 /* myExtension.swift */,
			);
			path = Extention;
			sourceTree = "<group>";
		};
		55372A9420E1227F00AA19DF /* Storyboard */ = {
			isa = PBXGroup;
			children = (
				559E095020DA61AC00451B4C /* SwiftyOnboardViewController.swift */,
				550889D420BE9FD000241F10 /* Main.storyboard */,
				550889D920BE9FD200241F10 /* LaunchScreen.storyboard */,
			);
			path = Storyboard;
			sourceTree = "<group>";
		};
		55372A9520E122C100AA19DF /* TopPage */ = {
			isa = PBXGroup;
			children = (
				550889D220BE9FD000241F10 /* TopPageViewController.swift */,
			);
			path = TopPage;
			sourceTree = "<group>";
		};
		55372A9620E122E200AA19DF /* QuestionList */ = {
			isa = PBXGroup;
			children = (
				5537DB6120C910210045BD41 /* questionList.plist */,
			);
			path = QuestionList;
			sourceTree = "<group>";
		};
		55372A9720E1230200AA19DF /* Media */ = {
			isa = PBXGroup;
			children = (
				550889D720BE9FD200241F10 /* Assets.xcassets */,
			);
			path = Media;
			sourceTree = "<group>";
		};
		55372A9820E1231500AA19DF /* CoreDate */ = {
			isa = PBXGroup;
			children = (
				559E095520DA7B5A00451B4C /* result.xcdatamodeld */,
			);
			path = CoreDate;
			sourceTree = "<group>";
		};
		559E095220DA6B0400451B4C /* Question */ = {
			isa = PBXGroup;
			children = (
				55DB8ED420D2562800A2CB64 /* Question5ViewController.swift */,
				55DB8ED220D1117700A2CB64 /* Question4ViewController.swift */,
				55202F4B20CC12D3009DEB85 /* Question3ViewController.swift */,
				5536FF6D20C754FB0003A639 /* Question2ViewController.swift */,
				55329C0C20FB7F6000F1F96B /* RangeQ1ViewController.swift */,
				5511E5C320C2E1C100902854 /* Question1ViewController.swift */,
			);
			path = Question;
			sourceTree = "<group>";
		};
		559E095320DA6B3300451B4C /* SwiftyOnboard */ = {
			isa = PBXGroup;
			children = (
				5519FC6920CA89B300E28D8F /* SwiftyOnboard.swift */,
				5519FC6A20CA89B300E28D8F /* SwiftyOnboardOverlay.swift */,
				5519FC6B20CA89B300E28D8F /* SwiftyOnboardPage.swift */,
			);
			path = SwiftyOnboard;
			sourceTree = "<group>";
		};
		559E095420DA6B4D00451B4C /* font */ = {
			isa = PBXGroup;
			children = (
				5535646020C0193B00090CA6 /* Hannari.otf */,
			);
			path = font;
			sourceTree = "<group>";
		};
		55E639BA20FF38EB00D88C26 /* userSetting */ = {
			isa = PBXGroup;
			children = (
				55E639B820FF38CD00D88C26 /* userSettingTopViewController.swift */,
				B08A1C6C2137626B003E8C5E /* Notification2ViewController.swift */,
			);
			path = userSetting;
			sourceTree = "<group>";
		};
		A15ED130E192D07A74001C36 /* Frameworks */ = {
			isa = PBXGroup;
			children = (
				B01ACA8F216A51FB009186CB /* SwiftyOnboard.framework */,
				551B6CE520EB58790019DE1C /* IQKeyboardManagerSwift.framework */,
				417CEE6BAFF894D0F4F5F98B /* Pods_Myapp.framework */,
				AA0DC3C61B04E912DFC28811 /* Pods_Kokolog.framework */,
			);
			name = Frameworks;
			sourceTree = "<group>";
		};
		F394A937995A227CC6865178 /* Pods */ = {
			isa = PBXGroup;
			children = (
				59CCE14A340099305BD84A8D /* Pods-Kokolog.debug.xcconfig */,
				CA3CC04155B92A3BD5C9DF0A /* Pods-Kokolog.release.xcconfig */,
			);
			name = Pods;
			sourceTree = "<group>";
		};
/* End PBXGroup section */

/* Begin PBXNativeTarget section */
		550889CC20BE9FD000241F10 /* Kokolog */ = {
			isa = PBXNativeTarget;
			buildConfigurationList = 550889DF20BE9FD200241F10 /* Build configuration list for PBXNativeTarget "Kokolog" */;
			buildPhases = (
				37DBA60CC60F7FCD0A50FF21 /* [CP] Check Pods Manifest.lock */,
				550889C920BE9FD000241F10 /* Sources */,
				550889CA20BE9FD000241F10 /* Frameworks */,
				550889CB20BE9FD000241F10 /* Resources */,
				C05B90AB81A0A8A6A99A570E /* [CP] Embed Pods Frameworks */,
			);
			buildRules = (
			);
			dependencies = (
			);
			name = Kokolog;
			productName = Myapp;
			productReference = 550889CD20BE9FD000241F10 /* Kokolog.app */;
			productType = "com.apple.product-type.application";
		};
/* End PBXNativeTarget section */

/* Begin PBXProject section */
		550889C520BE9FCF00241F10 /* Project object */ = {
			isa = PBXProject;
			attributes = {
				LastSwiftUpdateCheck = 0930;
				LastUpgradeCheck = 0930;
				ORGANIZATIONNAME = "袖川航平";
				TargetAttributes = {
					550889CC20BE9FD000241F10 = {
						CreatedOnToolsVersion = 9.3.1;
					};
				};
			};
			buildConfigurationList = 550889C820BE9FCF00241F10 /* Build configuration list for PBXProject "Kokolog" */;
			compatibilityVersion = "Xcode 9.3";
			developmentRegion = en;
			hasScannedForEncodings = 0;
			knownRegions = (
				en,
				Base,
			);
			mainGroup = 550889C420BE9FCF00241F10;
			productRefGroup = 550889CE20BE9FD000241F10 /* Products */;
			projectDirPath = "";
			projectRoot = "";
			targets = (
				550889CC20BE9FD000241F10 /* Kokolog */,
			);
		};
/* End PBXProject section */

/* Begin PBXResourcesBuildPhase section */
		550889CB20BE9FD000241F10 /* Resources */ = {
			isa = PBXResourcesBuildPhase;
			buildActionMask = 2147483647;
			files = (
				550889DB20BE9FD200241F10 /* LaunchScreen.storyboard in Resources */,
				550889D820BE9FD200241F10 /* Assets.xcassets in Resources */,
				5537DB6220C910210045BD41 /* questionList.plist in Resources */,
				550889D620BE9FD000241F10 /* Main.storyboard in Resources */,
				5535646120C0193B00090CA6 /* Hannari.otf in Resources */,
			);
			runOnlyForDeploymentPostprocessing = 0;
		};
/* End PBXResourcesBuildPhase section */

/* Begin PBXShellScriptBuildPhase section */
		37DBA60CC60F7FCD0A50FF21 /* [CP] Check Pods Manifest.lock */ = {
			isa = PBXShellScriptBuildPhase;
			buildActionMask = 2147483647;
			files = (
			);
			inputPaths = (
				"${PODS_PODFILE_DIR_PATH}/Podfile.lock",
				"${PODS_ROOT}/Manifest.lock",
			);
			name = "[CP] Check Pods Manifest.lock";
			outputPaths = (
				"$(DERIVED_FILE_DIR)/Pods-Kokolog-checkManifestLockResult.txt",
			);
			runOnlyForDeploymentPostprocessing = 0;
			shellPath = /bin/sh;
			shellScript = "diff \"${PODS_PODFILE_DIR_PATH}/Podfile.lock\" \"${PODS_ROOT}/Manifest.lock\" > /dev/null\nif [ $? != 0 ] ; then\n    # print error to STDERR\n    echo \"error: The sandbox is not in sync with the Podfile.lock. Run 'pod install' or update your CocoaPods installation.\" >&2\n    exit 1\nfi\n# This output is used by Xcode 'outputs' to avoid re-running this script phase.\necho \"SUCCESS\" > \"${SCRIPT_OUTPUT_FILE_0}\"\n";
			showEnvVarsInLog = 0;
		};
		C05B90AB81A0A8A6A99A570E /* [CP] Embed Pods Frameworks */ = {
			isa = PBXShellScriptBuildPhase;
			buildActionMask = 2147483647;
			files = (
			);
			inputPaths = (
				"${SRCROOT}/Pods/Target Support Files/Pods-Kokolog/Pods-Kokolog-frameworks.sh",
				"${BUILT_PRODUCTS_DIR}/IQKeyboardManagerSwift/IQKeyboardManagerSwift.framework",
				"${BUILT_PRODUCTS_DIR}/SwiftyOnboard/SwiftyOnboard.framework",
			);
			name = "[CP] Embed Pods Frameworks";
			outputPaths = (
				"${TARGET_BUILD_DIR}/${FRAMEWORKS_FOLDER_PATH}/IQKeyboardManagerSwift.framework",
				"${TARGET_BUILD_DIR}/${FRAMEWORKS_FOLDER_PATH}/SwiftyOnboard.framework",
			);
			runOnlyForDeploymentPostprocessing = 0;
			shellPath = /bin/sh;
			shellScript = "\"${SRCROOT}/Pods/Target Support Files/Pods-Kokolog/Pods-Kokolog-frameworks.sh\"\n";
			showEnvVarsInLog = 0;
		};
/* End PBXShellScriptBuildPhase section */

/* Begin PBXSourcesBuildPhase section */
		550889C920BE9FD000241F10 /* Sources */ = {
			isa = PBXSourcesBuildPhase;
			buildActionMask = 2147483647;
			files = (
				5511E5C420C2E1C100902854 /* Question1ViewController.swift in Sources */,
				55B9560520DE0DCE00DE787E /* Results+CoreDataProperties copy.swift in Sources */,
				B08A1C6D2137626B003E8C5E /* Notification2ViewController.swift in Sources */,
				5519FC6C20CA89B300E28D8F /* SwiftyOnboard.swift in Sources */,
				559E095120DA61AC00451B4C /* SwiftyOnboardViewController.swift in Sources */,
				5519FC6E20CA89B300E28D8F /* SwiftyOnboardPage.swift in Sources */,
				5535646220C033E700090CA6 /* Hannari.otf in Sources */,
				55DB8ED520D2562800A2CB64 /* Question5ViewController.swift in Sources */,
				55D1D5DA20BF6FFE00AA3B74 /* Kokolog.app in Sources */,
				55B9560620DE0DCE00DE787E /* Results+CoreDataClass copy.swift in Sources */,
				55E639B920FF38CD00D88C26 /* userSettingTopViewController.swift in Sources */,
				559E095720DA7B5A00451B4C /* result.xcdatamodeld in Sources */,
				5536FF6E20C754FB0003A639 /* Question2ViewController.swift in Sources */,
				55D9A34B20BF6A8B003087A6 /* myExtension.swift in Sources */,
				55372A9120E1224400AA19DF /* DetailSaveDateViewController.swift in Sources */,
				550889D320BE9FD000241F10 /* TopPageViewController.swift in Sources */,
				55DB8ED720D2A7DE00A2CB64 /* ResultViewController.swift in Sources */,
				55E79BBA20DF1C5F0094E5BE /* logSaveDateViewController.swift in Sources */,
				55202F4C20CC12D3009DEB85 /* Question3ViewController.swift in Sources */,
				5519FC6D20CA89B300E28D8F /* SwiftyOnboardOverlay.swift in Sources */,
				55329C0D20FB7F6000F1F96B /* RangeQ1ViewController.swift in Sources */,
				550889D120BE9FD000241F10 /* AppDelegate.swift in Sources */,
				55DB8ED320D1117700A2CB64 /* Question4ViewController.swift in Sources */,
			);
			runOnlyForDeploymentPostprocessing = 0;
		};
/* End PBXSourcesBuildPhase section */

/* Begin PBXVariantGroup section */
		550889D420BE9FD000241F10 /* Main.storyboard */ = {
			isa = PBXVariantGroup;
			children = (
				550889D520BE9FD000241F10 /* Base */,
			);
			name = Main.storyboard;
			sourceTree = "<group>";
		};
		550889D920BE9FD200241F10 /* LaunchScreen.storyboard */ = {
			isa = PBXVariantGroup;
			children = (
				550889DA20BE9FD200241F10 /* Base */,
			);
			name = LaunchScreen.storyboard;
			sourceTree = "<group>";
		};
/* End PBXVariantGroup section */

/* Begin XCBuildConfiguration section */
		550889DD20BE9FD200241F10 /* Debug */ = {
			isa = XCBuildConfiguration;
			buildSettings = {
				ALWAYS_SEARCH_USER_PATHS = NO;
				CLANG_ANALYZER_NONNULL = YES;
				CLANG_ANALYZER_NUMBER_OBJECT_CONVERSION = YES_AGGRESSIVE;
				CLANG_CXX_LANGUAGE_STANDARD = "gnu++14";
				CLANG_CXX_LIBRARY = "libc++";
				CLANG_ENABLE_MODULES = YES;
				CLANG_ENABLE_OBJC_ARC = YES;
				CLANG_ENABLE_OBJC_WEAK = YES;
				CLANG_WARN_BLOCK_CAPTURE_AUTORELEASING = YES;
				CLANG_WARN_BOOL_CONVERSION = YES;
				CLANG_WARN_COMMA = YES;
				CLANG_WARN_CONSTANT_CONVERSION = YES;
				CLANG_WARN_DEPRECATED_OBJC_IMPLEMENTATIONS = YES;
				CLANG_WARN_DIRECT_OBJC_ISA_USAGE = YES_ERROR;
				CLANG_WARN_DOCUMENTATION_COMMENTS = YES;
				CLANG_WARN_EMPTY_BODY = YES;
				CLANG_WARN_ENUM_CONVERSION = YES;
				CLANG_WARN_INFINITE_RECURSION = YES;
				CLANG_WARN_INT_CONVERSION = YES;
				CLANG_WARN_NON_LITERAL_NULL_CONVERSION = YES;
				CLANG_WARN_OBJC_IMPLICIT_RETAIN_SELF = YES;
				CLANG_WARN_OBJC_LITERAL_CONVERSION = YES;
				CLANG_WARN_OBJC_ROOT_CLASS = YES_ERROR;
				CLANG_WARN_RANGE_LOOP_ANALYSIS = YES;
				CLANG_WARN_STRICT_PROTOTYPES = YES;
				CLANG_WARN_SUSPICIOUS_MOVE = YES;
				CLANG_WARN_UNGUARDED_AVAILABILITY = YES_AGGRESSIVE;
				CLANG_WARN_UNREACHABLE_CODE = YES;
				CLANG_WARN__DUPLICATE_METHOD_MATCH = YES;
				CODE_SIGN_IDENTITY = "iPhone Developer";
				COPY_PHASE_STRIP = NO;
				DEBUG_INFORMATION_FORMAT = dwarf;
				ENABLE_STRICT_OBJC_MSGSEND = YES;
				ENABLE_TESTABILITY = YES;
				GCC_C_LANGUAGE_STANDARD = gnu11;
				GCC_DYNAMIC_NO_PIC = NO;
				GCC_NO_COMMON_BLOCKS = YES;
				GCC_OPTIMIZATION_LEVEL = 0;
				GCC_PREPROCESSOR_DEFINITIONS = (
					"DEBUG=1",
					"$(inherited)",
				);
				GCC_WARN_64_TO_32_BIT_CONVERSION = YES;
				GCC_WARN_ABOUT_RETURN_TYPE = YES_ERROR;
				GCC_WARN_UNDECLARED_SELECTOR = YES;
				GCC_WARN_UNINITIALIZED_AUTOS = YES_AGGRESSIVE;
				GCC_WARN_UNUSED_FUNCTION = YES;
				GCC_WARN_UNUSED_VARIABLE = YES;
				IPHONEOS_DEPLOYMENT_TARGET = 11.3;
				MTL_ENABLE_DEBUG_INFO = YES;
				ONLY_ACTIVE_ARCH = YES;
				SDKROOT = iphoneos;
				SWIFT_ACTIVE_COMPILATION_CONDITIONS = DEBUG;
				SWIFT_OPTIMIZATION_LEVEL = "-Onone";
			};
			name = Debug;
		};
		550889DE20BE9FD200241F10 /* Release */ = {
			isa = XCBuildConfiguration;
			buildSettings = {
				ALWAYS_SEARCH_USER_PATHS = NO;
				CLANG_ANALYZER_NONNULL = YES;
				CLANG_ANALYZER_NUMBER_OBJECT_CONVERSION = YES_AGGRESSIVE;
				CLANG_CXX_LANGUAGE_STANDARD = "gnu++14";
				CLANG_CXX_LIBRARY = "libc++";
				CLANG_ENABLE_MODULES = YES;
				CLANG_ENABLE_OBJC_ARC = YES;
				CLANG_ENABLE_OBJC_WEAK = YES;
				CLANG_WARN_BLOCK_CAPTURE_AUTORELEASING = YES;
				CLANG_WARN_BOOL_CONVERSION = YES;
				CLANG_WARN_COMMA = YES;
				CLANG_WARN_CONSTANT_CONVERSION = YES;
				CLANG_WARN_DEPRECATED_OBJC_IMPLEMENTATIONS = YES;
				CLANG_WARN_DIRECT_OBJC_ISA_USAGE = YES_ERROR;
				CLANG_WARN_DOCUMENTATION_COMMENTS = YES;
				CLANG_WARN_EMPTY_BODY = YES;
				CLANG_WARN_ENUM_CONVERSION = YES;
				CLANG_WARN_INFINITE_RECURSION = YES;
				CLANG_WARN_INT_CONVERSION = YES;
				CLANG_WARN_NON_LITERAL_NULL_CONVERSION = YES;
				CLANG_WARN_OBJC_IMPLICIT_RETAIN_SELF = YES;
				CLANG_WARN_OBJC_LITERAL_CONVERSION = YES;
				CLANG_WARN_OBJC_ROOT_CLASS = YES_ERROR;
				CLANG_WARN_RANGE_LOOP_ANALYSIS = YES;
				CLANG_WARN_STRICT_PROTOTYPES = YES;
				CLANG_WARN_SUSPICIOUS_MOVE = YES;
				CLANG_WARN_UNGUARDED_AVAILABILITY = YES_AGGRESSIVE;
				CLANG_WARN_UNREACHABLE_CODE = YES;
				CLANG_WARN__DUPLICATE_METHOD_MATCH = YES;
				CODE_SIGN_IDENTITY = "iPhone Developer";
				COPY_PHASE_STRIP = NO;
				DEBUG_INFORMATION_FORMAT = "dwarf-with-dsym";
				ENABLE_NS_ASSERTIONS = NO;
				ENABLE_STRICT_OBJC_MSGSEND = YES;
				GCC_C_LANGUAGE_STANDARD = gnu11;
				GCC_NO_COMMON_BLOCKS = YES;
				GCC_WARN_64_TO_32_BIT_CONVERSION = YES;
				GCC_WARN_ABOUT_RETURN_TYPE = YES_ERROR;
				GCC_WARN_UNDECLARED_SELECTOR = YES;
				GCC_WARN_UNINITIALIZED_AUTOS = YES_AGGRESSIVE;
				GCC_WARN_UNUSED_FUNCTION = YES;
				GCC_WARN_UNUSED_VARIABLE = YES;
				IPHONEOS_DEPLOYMENT_TARGET = 11.3;
				MTL_ENABLE_DEBUG_INFO = NO;
				SDKROOT = iphoneos;
				SWIFT_COMPILATION_MODE = wholemodule;
				SWIFT_OPTIMIZATION_LEVEL = "-O";
				VALIDATE_PRODUCT = YES;
			};
			name = Release;
		};
		550889E020BE9FD200241F10 /* Debug */ = {
			isa = XCBuildConfiguration;
			baseConfigurationReference = 59CCE14A340099305BD84A8D /* Pods-Kokolog.debug.xcconfig */;
			buildSettings = {
				ASSETCATALOG_COMPILER_APPICON_NAME = AppIcon;
				CODE_SIGN_STYLE = Automatic;
				DEVELOPMENT_TEAM = 58XRSVFZBC;
				INFOPLIST_FILE = Myapp/Info.plist;
				IPHONEOS_DEPLOYMENT_TARGET = 10.1;
				LD_RUNPATH_SEARCH_PATHS = (
					"$(inherited)",
					"@executable_path/Frameworks",
				);
				PRODUCT_BUNDLE_IDENTIFIER = BigDaddyLover.Kokolog;
				PRODUCT_NAME = "$(TARGET_NAME)";
				SWIFT_VERSION = 4.0;
				TARGETED_DEVICE_FAMILY = 1;
			};
			name = Debug;
		};
		550889E120BE9FD200241F10 /* Release */ = {
			isa = XCBuildConfiguration;
			baseConfigurationReference = CA3CC04155B92A3BD5C9DF0A /* Pods-Kokolog.release.xcconfig */;
			buildSettings = {
				ASSETCATALOG_COMPILER_APPICON_NAME = AppIcon;
				CODE_SIGN_STYLE = Automatic;
				DEVELOPMENT_TEAM = 58XRSVFZBC;
				INFOPLIST_FILE = Myapp/Info.plist;
				IPHONEOS_DEPLOYMENT_TARGET = 10.1;
				LD_RUNPATH_SEARCH_PATHS = (
					"$(inherited)",
					"@executable_path/Frameworks",
				);
				PRODUCT_BUNDLE_IDENTIFIER = BigDaddyLover.Kokolog;
				PRODUCT_NAME = "$(TARGET_NAME)";
				SWIFT_VERSION = 4.0;
				TARGETED_DEVICE_FAMILY = 1;
			};
			name = Release;
		};
/* End XCBuildConfiguration section */

/* Begin XCConfigurationList section */
		550889C820BE9FCF00241F10 /* Build configuration list for PBXProject "Kokolog" */ = {
			isa = XCConfigurationList;
			buildConfigurations = (
				550889DD20BE9FD200241F10 /* Debug */,
				550889DE20BE9FD200241F10 /* Release */,
			);
			defaultConfigurationIsVisible = 0;
			defaultConfigurationName = Release;
		};
		550889DF20BE9FD200241F10 /* Build configuration list for PBXNativeTarget "Kokolog" */ = {
			isa = XCConfigurationList;
			buildConfigurations = (
				550889E020BE9FD200241F10 /* Debug */,
				550889E120BE9FD200241F10 /* Release */,
			);
			defaultConfigurationIsVisible = 0;
			defaultConfigurationName = Release;
		};
/* End XCConfigurationList section */

/* Begin XCVersionGroup section */
		559E095520DA7B5A00451B4C /* result.xcdatamodeld */ = {
			isa = XCVersionGroup;
			children = (
				559E095620DA7B5A00451B4C /* result.xcdatamodel */,
			);
			currentVersion = 559E095620DA7B5A00451B4C /* result.xcdatamodel */;
			path = result.xcdatamodeld;
			sourceTree = "<group>";
			versionGroupType = wrapper.xcdatamodel;
		};
/* End XCVersionGroup section */
	};
	rootObject = 550889C520BE9FCF00241F10 /* Project object */;
}
